
Microsoft Visual Studio Solution File, Format Version 12.00
# Visual Studio Version 16
VisualStudioVersion = 16.0.30128.74
MinimumVisualStudioVersion = 10.0.40219.1
Project("{9A19103F-16F7-4668-BE54-9A1E7A4F7556}") = "BiblioCentric", "BiblioCentric\BiblioCentric.csproj", "{84DC1E3B-87E8-47E4-A980-F070060AABE0}"
EndProject
Project("{9A19103F-16F7-4668-BE54-9A1E7A4F7556}") = "BiblioManager", "BiblioManager\BiblioManager.csproj", "{D74733DA-F51E-42FD-92A8-C3F95AE9ADB8}"
EndProject
Project("{9A19103F-16F7-4668-BE54-9A1E7A4F7556}") = "BiblioWPF", "BiblioWPF\BiblioWPF.csproj", "{7005F266-6F17-41D8-BACC-224667A9B9F7}"
EndProject
Project("{2150E333-8FDC-42A3-9474-1A3956D46DE8}") = "Solution Items", "Solution Items", "{B69835E1-6D89-4699-8054-35AB45EBB669}"
	ProjectSection(SolutionItems) = preProject
		README.md = README.md
	EndProjectSection
EndProject
Global
	GlobalSection(SolutionConfigurationPlatforms) = preSolution
		Debug|Any CPU = Debug|Any CPU
		Release|Any CPU = Release|Any CPU
	EndGlobalSection
	GlobalSection(ProjectConfigurationPlatforms) = postSolution
		{84DC1E3B-87E8-47E4-A980-F070060AABE0}.Debug|Any CPU.ActiveCfg = Debug|Any CPU
		{84DC1E3B-87E8-47E4-A980-F070060AABE0}.Debug|Any CPU.Build.0 = Debug|Any CPU
		{84DC1E3B-87E8-47E4-A980-F070060AABE0}.Release|Any CPU.ActiveCfg = Release|Any CPU
		{84DC1E3B-87E8-47E4-A980-F070060AABE0}.Release|Any CPU.Build.0 = Release|Any CPU
		{D74733DA-F51E-42FD-92A8-C3F95AE9ADB8}.Debug|Any CPU.ActiveCfg = Debug|Any CPU
		{D74733DA-F51E-42FD-92A8-C3F95AE9ADB8}.Debug|Any CPU.Build.0 = Debug|Any CPU
		{D74733DA-F51E-42FD-92A8-C3F95AE9ADB8}.Release|Any CPU.ActiveCfg = Release|Any CPU
		{D74733DA-F51E-42FD-92A8-C3F95AE9ADB8}.Release|Any CPU.Build.0 = Release|Any CPU
		{7005F266-6F17-41D8-BACC-224667A9B9F7}.Debug|Any CPU.ActiveCfg = Debug|Any CPU
		{7005F266-6F17-41D8-BACC-224667A9B9F7}.Debug|Any CPU.Build.0 = Debug|Any CPU
		{7005F266-6F17-41D8-BACC-224667A9B9F7}.Release|Any CPU.ActiveCfg = Release|Any CPU
		{7005F266-6F17-41D8-BACC-224667A9B9F7}.Release|Any CPU.Build.0 = Release|Any CPU
	EndGlobalSection
	GlobalSection(SolutionProperties) = preSolution
		HideSolutionNode = FALSE
	EndGlobalSection
	GlobalSection(ExtensibilityGlobals) = postSolution
		SolutionGuid = {30185DFD-F7FC-4CF9-88F3-16F820129BC5}
	EndGlobalSection
EndGlobal
