
Microsoft Visual Studio Solution File, Format Version 12.00
# Visual Studio Version 16
VisualStudioVersion = 16.0.30128.74
MinimumVisualStudioVersion = 10.0.40219.1
Project("{FAE04EC0-301F-11D3-BF4B-00C04F79EFBC}") = "BiblioCentric", "BiblioCentric\BiblioCentric.csproj", "{84DC1E3B-87E8-47E4-A980-F070060AABE0}"
EndProject
Project("{FAE04EC0-301F-11D3-BF4B-00C04F79EFBC}") = "BiblioManager", "BiblioManager\BiblioManager.csproj", "{D74733DA-F51E-42FD-92A8-C3F95AE9ADB8}"
EndProject
Project("{FAE04EC0-301F-11D3-BF4B-00C04F79EFBC}") = "BiblioWPF", "BiblioWPF\BiblioWPF.csproj", "{7005F266-6F17-41D8-BACC-224667A9B9F7}"
EndProject
Global
	GlobalSection(SolutionConfigurationPlatforms) = preSolution
		Debug|Any CPU = Debug|Any CPU
		Release|Any CPU = Release|Any CPU
	EndGlobalSection
	GlobalSection(ProjectConfigurationPlatforms) = postSolution
		{84DC1E3B-87E8-47E4-A980-F070060AABE0}.Debug|Any CPU.ActiveCfg = Debug|Any CPU
		{84DC1E3B-87E8-47E4-A980-F070060AABE0}.Debug|Any CPU.Build.0 = Debug|Any CPU
		{84DC1E3B-87E8-47E4-A980-F070060AABE0}.Release|Any CPU.ActiveCfg = Release|Any CPU
		{84DC1E3B-87E8-47E4-A980-F070060AABE0}.Release|Any CPU.Build.0 = Release|Any CPU
		{D74733DA-F51E-42FD-92A8-C3F95AE9ADB8}.Debug|Any CPU.ActiveCfg = Debug|Any CPU
		{D74733DA-F51E-42FD-92A8-C3F95AE9ADB8}.Debug|Any CPU.Build.0 = Debug|Any CPU
		{D74733DA-F51E-42FD-92A8-C3F95AE9ADB8}.Release|Any CPU.ActiveCfg = Release|Any CPU
		{D74733DA-F51E-42FD-92A8-C3F95AE9ADB8}.Release|Any CPU.Build.0 = Release|Any CPU
		{7005F266-6F17-41D8-BACC-224667A9B9F7}.Debug|Any CPU.ActiveCfg = Debug|Any CPU
		{7005F266-6F17-41D8-BACC-224667A9B9F7}.Debug|Any CPU.Build.0 = Debug|Any CPU
		{7005F266-6F17-41D8-BACC-224667A9B9F7}.Release|Any CPU.ActiveCfg = Release|Any CPU
		{7005F266-6F17-41D8-BACC-224667A9B9F7}.Release|Any CPU.Build.0 = Release|Any CPU
	EndGlobalSection
	GlobalSection(SolutionProperties) = preSolution
		HideSolutionNode = FALSE
	EndGlobalSection
	GlobalSection(ExtensibilityGlobals) = postSolution
		SolutionGuid = {30185DFD-F7FC-4CF9-88F3-16F820129BC5}
	EndGlobalSection
EndGlobal
